
Microsoft Visual Studio Solution File, Format Version 12.00
# Visual Studio Version 17
VisualStudioVersion = 17.8.34322.80
MinimumVisualStudioVersion = 10.0.40219.1
Project("{9A19103F-16F7-4668-BE54-9A1E7A4F7556}") = "WeatherDisplayService", "WeatherDisplayService\WeatherDisplayService.csproj", "{B33B0646-F21E-4773-B02A-02A20DF96B50}"
EndProject
Project("{2150E333-8FDC-42A3-9474-1A3956D46DE8}") = "Solution Items", "Solution Items", "{14990047-2123-4F3D-8FB5-EAE3390DABC9}"
	ProjectSection(SolutionItems) = preProject
		.gitattributes = .gitattributes
		.gitignore = .gitignore
		README.md = README.md
	EndProjectSection
EndProject
Global
	GlobalSection(SolutionConfigurationPlatforms) = preSolution
		Debug|Any CPU = Debug|Any CPU
		Release|Any CPU = Release|Any CPU
	EndGlobalSection
	GlobalSection(ProjectConfigurationPlatforms) = postSolution
		{B33B0646-F21E-4773-B02A-02A20DF96B50}.Debug|Any CPU.ActiveCfg = Debug|Any CPU
		{B33B0646-F21E-4773-B02A-02A20DF96B50}.Debug|Any CPU.Build.0 = Debug|Any CPU
		{B33B0646-F21E-4773-B02A-02A20DF96B50}.Release|Any CPU.ActiveCfg = Release|Any CPU
		{B33B0646-F21E-4773-B02A-02A20DF96B50}.Release|Any CPU.Build.0 = Release|Any CPU
	EndGlobalSection
	GlobalSection(SolutionProperties) = preSolution
		HideSolutionNode = FALSE
	EndGlobalSection
	GlobalSection(ExtensibilityGlobals) = postSolution
		SolutionGuid = {6B5CFF53-7EC1-4CDB-9D7F-5A3C45DD654E}
	EndGlobalSection
EndGlobal
